# THIS IS AN AUTOGENERATED FILE. DO NOT EDIT THIS FILE DIRECTLY.
# yarn lockfile v1


eslint-config-standard@6.0.1:
  version "6.0.1"
  resolved "https://registry.yarnpkg.com/eslint-config-standard/-/eslint-config-standard-6.0.1.tgz#7c71bd70aff6153ab95714c3def12b0d00ea257d"

eslint-plugin-promise@2.0.1:
  version "2.0.1"
  resolved "https://registry.yarnpkg.com/eslint-plugin-promise/-/eslint-plugin-promise-2.0.1.tgz#a9759cefa5e38ab11bb2ef65a04ef042309aa0a4"

eslint-plugin-react@5.1.1:
  version "5.1.1"
  resolved "https://registry.yarnpkg.com/eslint-plugin-react/-/eslint-plugin-react-5.1.1.tgz#869b1dc078a34fe7eab1f587c2bc3cd998befdd6"

eslint-plugin-standard@2.0.0:
  version "2.0.0"
  resolved "https://registry.yarnpkg.com/eslint-plugin-standard/-/eslint-plugin-standard-2.0.0.tgz#622761e236c4eeb3a9fc125c477d6e2628d85cc7"
